
Microsoft Visual Studio Solution File, Format Version 12.00
# Visual Studio 2013
VisualStudioVersion = 12.0.30501.0
MinimumVisualStudioVersion = 10.0.40219.1
Project("{FAE04EC0-301F-11D3-BF4B-00C04F79EFBC}") = "MusicCatalog.Models", "MusicCatalog.Models\MusicCatalog.Models.csproj", "{24C104C1-5B1E-4D21-9892-4427156F7B69}"
EndProject
Project("{FAE04EC0-301F-11D3-BF4B-00C04F79EFBC}") = "MusicCatalog.Data", "MusicCatalog.Data\MusicCatalog.Data.csproj", "{8AA09B57-8EA3-4671-A839-5CCE7BBF3768}"
EndProject
Project("{FAE04EC0-301F-11D3-BF4B-00C04F79EFBC}") = "MusicCatalog.ServicesApi", "MusicCatalog.ServicesApi\MusicCatalog.ServicesApi.csproj", "{B57A6AE0-206A-48FB-90DB-9E9041ECA36D}"
EndProject
Project("{FAE04EC0-301F-11D3-BF4B-00C04F79EFBC}") = "MusicCatalog.ConsoleClient", "MusicCatalog.ConsoleClient\MusicCatalog.ConsoleClient.csproj", "{20FF57F1-1E68-4E91-9B89-9192BBC50BFC}"
EndProject
Global
	GlobalSection(SolutionConfigurationPlatforms) = preSolution
		Debug|Any CPU = Debug|Any CPU
		Release|Any CPU = Release|Any CPU
	EndGlobalSection
	GlobalSection(ProjectConfigurationPlatforms) = postSolution
		{24C104C1-5B1E-4D21-9892-4427156F7B69}.Debug|Any CPU.ActiveCfg = Debug|Any CPU
		{24C104C1-5B1E-4D21-9892-4427156F7B69}.Debug|Any CPU.Build.0 = Debug|Any CPU
		{24C104C1-5B1E-4D21-9892-4427156F7B69}.Release|Any CPU.ActiveCfg = Release|Any CPU
		{24C104C1-5B1E-4D21-9892-4427156F7B69}.Release|Any CPU.Build.0 = Release|Any CPU
		{8AA09B57-8EA3-4671-A839-5CCE7BBF3768}.Debug|Any CPU.ActiveCfg = Debug|Any CPU
		{8AA09B57-8EA3-4671-A839-5CCE7BBF3768}.Debug|Any CPU.Build.0 = Debug|Any CPU
		{8AA09B57-8EA3-4671-A839-5CCE7BBF3768}.Release|Any CPU.ActiveCfg = Release|Any CPU
		{8AA09B57-8EA3-4671-A839-5CCE7BBF3768}.Release|Any CPU.Build.0 = Release|Any CPU
		{B57A6AE0-206A-48FB-90DB-9E9041ECA36D}.Debug|Any CPU.ActiveCfg = Debug|Any CPU
		{B57A6AE0-206A-48FB-90DB-9E9041ECA36D}.Debug|Any CPU.Build.0 = Debug|Any CPU
		{B57A6AE0-206A-48FB-90DB-9E9041ECA36D}.Release|Any CPU.ActiveCfg = Release|Any CPU
		{B57A6AE0-206A-48FB-90DB-9E9041ECA36D}.Release|Any CPU.Build.0 = Release|Any CPU
		{20FF57F1-1E68-4E91-9B89-9192BBC50BFC}.Debug|Any CPU.ActiveCfg = Debug|Any CPU
		{20FF57F1-1E68-4E91-9B89-9192BBC50BFC}.Debug|Any CPU.Build.0 = Debug|Any CPU
		{20FF57F1-1E68-4E91-9B89-9192BBC50BFC}.Release|Any CPU.ActiveCfg = Release|Any CPU
		{20FF57F1-1E68-4E91-9B89-9192BBC50BFC}.Release|Any CPU.Build.0 = Release|Any CPU
	EndGlobalSection
	GlobalSection(SolutionProperties) = preSolution
		HideSolutionNode = FALSE
	EndGlobalSection
EndGlobal
