
Microsoft Visual Studio Solution File, Format Version 12.00
# Visual Studio 2013
VisualStudioVersion = 12.0.30501.0
MinimumVisualStudioVersion = 10.0.40219.1
Project("{FAE04EC0-301F-11D3-BF4B-00C04F79EFBC}") = "01.ShowDayOfWeek", "ShowDayOfWeek\01.ShowDayOfWeek.csproj", "{5363EAFE-A262-48E3-8670-BFE2D4FC77EE}"
EndProject
Project("{FAE04EC0-301F-11D3-BF4B-00C04F79EFBC}") = "02.ShowDayOfWeekConsumer", "ShowDayOfWeekConsumer\02.ShowDayOfWeekConsumer.csproj", "{E39D3ACD-292C-4665-868F-DF04BBF8448D}"
	ProjectSection(ProjectDependencies) = postProject
		{5363EAFE-A262-48E3-8670-BFE2D4FC77EE} = {5363EAFE-A262-48E3-8670-BFE2D4FC77EE}
	EndProjectSection
EndProject
Project("{FAE04EC0-301F-11D3-BF4B-00C04F79EFBC}") = "03.SubstringOccurrence", "SubstringOccurrence\03.SubstringOccurrence.csproj", "{BE9BE5D3-A099-45CA-9BA8-20F129E3C17F}"
EndProject
Project("{FAE04EC0-301F-11D3-BF4B-00C04F79EFBC}") = "04.SubstringCounterHost", "SubstringCounterHost\04.SubstringCounterHost.csproj", "{950E0B4E-2EE8-4F39-9273-AE876FACC3D8}"
EndProject
Project("{FAE04EC0-301F-11D3-BF4B-00C04F79EFBC}") = "05.SubstringCounterWebHost", "SubstringCounterIISHost\05.SubstringCounterWebHost.csproj", "{BC5DEB11-E8C6-4C47-B067-C2A50861A34B}"
EndProject
Global
	GlobalSection(SolutionConfigurationPlatforms) = preSolution
		Debug|Any CPU = Debug|Any CPU
		Release|Any CPU = Release|Any CPU
	EndGlobalSection
	GlobalSection(ProjectConfigurationPlatforms) = postSolution
		{5363EAFE-A262-48E3-8670-BFE2D4FC77EE}.Debug|Any CPU.ActiveCfg = Debug|Any CPU
		{5363EAFE-A262-48E3-8670-BFE2D4FC77EE}.Debug|Any CPU.Build.0 = Debug|Any CPU
		{5363EAFE-A262-48E3-8670-BFE2D4FC77EE}.Release|Any CPU.ActiveCfg = Release|Any CPU
		{5363EAFE-A262-48E3-8670-BFE2D4FC77EE}.Release|Any CPU.Build.0 = Release|Any CPU
		{E39D3ACD-292C-4665-868F-DF04BBF8448D}.Debug|Any CPU.ActiveCfg = Debug|Any CPU
		{E39D3ACD-292C-4665-868F-DF04BBF8448D}.Debug|Any CPU.Build.0 = Debug|Any CPU
		{E39D3ACD-292C-4665-868F-DF04BBF8448D}.Release|Any CPU.ActiveCfg = Release|Any CPU
		{E39D3ACD-292C-4665-868F-DF04BBF8448D}.Release|Any CPU.Build.0 = Release|Any CPU
		{BE9BE5D3-A099-45CA-9BA8-20F129E3C17F}.Debug|Any CPU.ActiveCfg = Debug|Any CPU
		{BE9BE5D3-A099-45CA-9BA8-20F129E3C17F}.Debug|Any CPU.Build.0 = Debug|Any CPU
		{BE9BE5D3-A099-45CA-9BA8-20F129E3C17F}.Release|Any CPU.ActiveCfg = Release|Any CPU
		{BE9BE5D3-A099-45CA-9BA8-20F129E3C17F}.Release|Any CPU.Build.0 = Release|Any CPU
		{950E0B4E-2EE8-4F39-9273-AE876FACC3D8}.Debug|Any CPU.ActiveCfg = Debug|Any CPU
		{950E0B4E-2EE8-4F39-9273-AE876FACC3D8}.Debug|Any CPU.Build.0 = Debug|Any CPU
		{950E0B4E-2EE8-4F39-9273-AE876FACC3D8}.Release|Any CPU.ActiveCfg = Release|Any CPU
		{950E0B4E-2EE8-4F39-9273-AE876FACC3D8}.Release|Any CPU.Build.0 = Release|Any CPU
		{BC5DEB11-E8C6-4C47-B067-C2A50861A34B}.Debug|Any CPU.ActiveCfg = Debug|Any CPU
		{BC5DEB11-E8C6-4C47-B067-C2A50861A34B}.Debug|Any CPU.Build.0 = Debug|Any CPU
		{BC5DEB11-E8C6-4C47-B067-C2A50861A34B}.Release|Any CPU.ActiveCfg = Release|Any CPU
		{BC5DEB11-E8C6-4C47-B067-C2A50861A34B}.Release|Any CPU.Build.0 = Release|Any CPU
	EndGlobalSection
	GlobalSection(SolutionProperties) = preSolution
		HideSolutionNode = FALSE
	EndGlobalSection
EndGlobal
